
Microsoft Visual Studio Solution File, Format Version 12.00
# Visual Studio Version 17
VisualStudioVersion = 17.14.36429.23 d17.14
MinimumVisualStudioVersion = 10.0.40219.1
Project("{FAE04EC0-301F-11D3-BF4B-00C04F79EFBC}") = "CaroServer", "CaroServer\CaroServer.csproj", "{9C0E65E3-1C40-454F-A6F5-151138647F53}"
EndProject
Project("{FAE04EC0-301F-11D3-BF4B-00C04F79EFBC}") = "CaroClient", "CaroClient\CaroClient.csproj", "{D4E223BB-5ADE-4E9C-BF8F-295073C383D0}"
EndProject
Project("{FAE04EC0-301F-11D3-BF4B-00C04F79EFBC}") = "CaroLibrary", "CaroLibrary\CaroLibrary.csproj", "{145A5083-A066-4133-8A31-7054D9E6FEFE}"
EndProject
Global
	GlobalSection(SolutionConfigurationPlatforms) = preSolution
		Debug|Any CPU = Debug|Any CPU
		Release|Any CPU = Release|Any CPU
	EndGlobalSection
	GlobalSection(ProjectConfigurationPlatforms) = postSolution
		{9C0E65E3-1C40-454F-A6F5-151138647F53}.Debug|Any CPU.ActiveCfg = Debug|Any CPU
		{9C0E65E3-1C40-454F-A6F5-151138647F53}.Debug|Any CPU.Build.0 = Debug|Any CPU
		{9C0E65E3-1C40-454F-A6F5-151138647F53}.Release|Any CPU.ActiveCfg = Release|Any CPU
		{9C0E65E3-1C40-454F-A6F5-151138647F53}.Release|Any CPU.Build.0 = Release|Any CPU
		{D4E223BB-5ADE-4E9C-BF8F-295073C383D0}.Debug|Any CPU.ActiveCfg = Debug|Any CPU
		{D4E223BB-5ADE-4E9C-BF8F-295073C383D0}.Debug|Any CPU.Build.0 = Debug|Any CPU
		{D4E223BB-5ADE-4E9C-BF8F-295073C383D0}.Release|Any CPU.ActiveCfg = Release|Any CPU
		{D4E223BB-5ADE-4E9C-BF8F-295073C383D0}.Release|Any CPU.Build.0 = Release|Any CPU
		{145A5083-A066-4133-8A31-7054D9E6FEFE}.Debug|Any CPU.ActiveCfg = Debug|Any CPU
		{145A5083-A066-4133-8A31-7054D9E6FEFE}.Debug|Any CPU.Build.0 = Debug|Any CPU
		{145A5083-A066-4133-8A31-7054D9E6FEFE}.Release|Any CPU.ActiveCfg = Release|Any CPU
		{145A5083-A066-4133-8A31-7054D9E6FEFE}.Release|Any CPU.Build.0 = Release|Any CPU
	EndGlobalSection
	GlobalSection(SolutionProperties) = preSolution
		HideSolutionNode = FALSE
	EndGlobalSection
	GlobalSection(ExtensibilityGlobals) = postSolution
		SolutionGuid = {98D9205F-04BF-4306-BD58-CB71387E7014}
	EndGlobalSection
EndGlobal
